
Microsoft Visual Studio Solution File, Format Version 12.00
# Visual Studio Version 17
VisualStudioVersion = 17.5.002.0
MinimumVisualStudioVersion = 10.0.40219.1
Project("{2150E333-8FDC-42A3-9474-1A3956D46DE8}") = "dotnet-helloworld", "dotnet-helloworld", "{71D2A8B8-79F6-45DF-A124-409889F02447}"
EndProject
Project("{9A19103F-16F7-4668-BE54-9A1E7A4F7556}") = "AspNetCoreDemo", "dotnet-helloworld\firstwebapp\AspNetCoreDemo.csproj", "{629BC0D1-2A12-4967-8A8B-ABA9072EDB17}"
EndProject
Global
	GlobalSection(SolutionConfigurationPlatforms) = preSolution
		Debug|Any CPU = Debug|Any CPU
		Release|Any CPU = Release|Any CPU
	EndGlobalSection
	GlobalSection(ProjectConfigurationPlatforms) = postSolution
		{629BC0D1-2A12-4967-8A8B-ABA9072EDB17}.Debug|Any CPU.ActiveCfg = Debug|Any CPU
		{629BC0D1-2A12-4967-8A8B-ABA9072EDB17}.Debug|Any CPU.Build.0 = Debug|Any CPU
		{629BC0D1-2A12-4967-8A8B-ABA9072EDB17}.Release|Any CPU.ActiveCfg = Release|Any CPU
		{629BC0D1-2A12-4967-8A8B-ABA9072EDB17}.Release|Any CPU.Build.0 = Release|Any CPU
	EndGlobalSection
	GlobalSection(SolutionProperties) = preSolution
		HideSolutionNode = FALSE
	EndGlobalSection
	GlobalSection(NestedProjects) = preSolution
		{629BC0D1-2A12-4967-8A8B-ABA9072EDB17} = {71D2A8B8-79F6-45DF-A124-409889F02447}
	EndGlobalSection
	GlobalSection(ExtensibilityGlobals) = postSolution
		SolutionGuid = {88E68D44-7769-4AF7-8979-119C62E5B5DF}
	EndGlobalSection
EndGlobal
